// !$*UTF8*$!
{
	archiveVersion = 1;
	classes = {
	};
	objectVersion = 46;
	objects = {

/* Begin PBXBuildFile section */
		5D2EEF2E1F08EF1A00F0268A /* iflyMSC.framework in Frameworks */ = {isa = PBXBuildFile; fileRef = 5D2EEF2D1F08EF1A00F0268A /* iflyMSC.framework */; };
		5D2EEF301F08F6DB00F0268A /* SpeechRecognizerHandleView.swift in Sources */ = {isa = PBXBuildFile; fileRef = 5D2EEF2F1F08F6DB00F0268A /* SpeechRecognizerHandleView.swift */; };
		AA13A2371F0D028000C7EC6B /* wave.bundle in Resources */ = {isa = PBXBuildFile; fileRef = AA13A2361F0D028000C7EC6B /* wave.bundle */; };
		AA9A7D271F03642D007CF3A0 /* libz.tbd in Frameworks */ = {isa = PBXBuildFile; fileRef = AA9A7D261F03642D007CF3A0 /* libz.tbd */; };
		AA9A7D291F036436007CF3A0 /* AVFoundation.framework in Frameworks */ = {isa = PBXBuildFile; fileRef = AA9A7D281F036436007CF3A0 /* AVFoundation.framework */; };
		AA9A7D2B1F03643F007CF3A0 /* SystemConfiguration.framework in Frameworks */ = {isa = PBXBuildFile; fileRef = AA9A7D2A1F03643F007CF3A0 /* SystemConfiguration.framework */; };
		AA9A7D2D1F036449007CF3A0 /* Foundation.framework in Frameworks */ = {isa = PBXBuildFile; fileRef = AA9A7D2C1F036449007CF3A0 /* Foundation.framework */; };
		AA9A7D2F1F03645D007CF3A0 /* CoreTelephony.framework in Frameworks */ = {isa = PBXBuildFile; fileRef = AA9A7D2E1F03645D007CF3A0 /* CoreTelephony.framework */; };
		AA9A7D311F036470007CF3A0 /* AudioToolbox.framework in Frameworks */ = {isa = PBXBuildFile; fileRef = AA9A7D301F036470007CF3A0 /* AudioToolbox.framework */; };
		AA9A7D331F036479007CF3A0 /* UIKit.framework in Frameworks */ = {isa = PBXBuildFile; fileRef = AA9A7D321F036479007CF3A0 /* UIKit.framework */; };
		AA9A7D351F036482007CF3A0 /* CoreLocation.framework in Frameworks */ = {isa = PBXBuildFile; fileRef = AA9A7D341F036482007CF3A0 /* CoreLocation.framework */; };
		AA9A7D371F036494007CF3A0 /* Contacts.framework in Frameworks */ = {isa = PBXBuildFile; fileRef = AA9A7D361F036494007CF3A0 /* Contacts.framework */; };
		AA9A7D391F03649D007CF3A0 /* AddressBook.framework in Frameworks */ = {isa = PBXBuildFile; fileRef = AA9A7D381F03649D007CF3A0 /* AddressBook.framework */; };
		AA9A7D3B1F0364A5007CF3A0 /* QuartzCore.framework in Frameworks */ = {isa = PBXBuildFile; fileRef = AA9A7D3A1F0364A5007CF3A0 /* QuartzCore.framework */; };
		AA9A7D3D1F0364B9007CF3A0 /* libc++.tbd in Frameworks */ = {isa = PBXBuildFile; fileRef = AA9A7D3C1F0364B9007CF3A0 /* libc++.tbd */; };
		AA9A7D3F1F0364C3007CF3A0 /* libicucore.tbd in Frameworks */ = {isa = PBXBuildFile; fileRef = AA9A7D3E1F0364C3007CF3A0 /* libicucore.tbd */; };
		AA9A7D461F039EE4007CF3A0 /* SpeechProtocol.swift in Sources */ = {isa = PBXBuildFile; fileRef = AA9A7D451F039EE4007CF3A0 /* SpeechProtocol.swift */; };
		AA9A7D481F06411E007CF3A0 /* SpeechRecognizerBar.swift in Sources */ = {isa = PBXBuildFile; fileRef = AA9A7D471F06411E007CF3A0 /* SpeechRecognizerBar.swift */; };
		AA9A7D4A1F0A2631007CF3A0 /* UIView+Hub.swift in Sources */ = {isa = PBXBuildFile; fileRef = AA9A7D491F0A2631007CF3A0 /* UIView+Hub.swift */; };
		AA9A7D4C1F0A297B007CF3A0 /* preloader.bundle in Resources */ = {isa = PBXBuildFile; fileRef = AA9A7D4B1F0A297B007CF3A0 /* preloader.bundle */; };
		AA9A7D4E1F0A4A3E007CF3A0 /* GCDExtension.swift in Sources */ = {isa = PBXBuildFile; fileRef = AA9A7D4D1F0A4A3E007CF3A0 /* GCDExtension.swift */; };
		AA9A7D501F0B7313007CF3A0 /* SpeechRecognizerAdapter.swift in Sources */ = {isa = PBXBuildFile; fileRef = AA9A7D4F1F0B7312007CF3A0 /* SpeechRecognizerAdapter.swift */; };
		AADEA39B1F03630F00B2DB84 /* AppDelegate.swift in Sources */ = {isa = PBXBuildFile; fileRef = AADEA39A1F03630F00B2DB84 /* AppDelegate.swift */; };
		AADEA39D1F03630F00B2DB84 /* ViewController.swift in Sources */ = {isa = PBXBuildFile; fileRef = AADEA39C1F03630F00B2DB84 /* ViewController.swift */; };
		AADEA3A01F03630F00B2DB84 /* Main.storyboard in Resources */ = {isa = PBXBuildFile; fileRef = AADEA39E1F03630F00B2DB84 /* Main.storyboard */; };
		AADEA3A21F03630F00B2DB84 /* Assets.xcassets in Resources */ = {isa = PBXBuildFile; fileRef = AADEA3A11F03630F00B2DB84 /* Assets.xcassets */; };
		AADEA3A51F03630F00B2DB84 /* LaunchScreen.storyboard in Resources */ = {isa = PBXBuildFile; fileRef = AADEA3A31F03630F00B2DB84 /* LaunchScreen.storyboard */; };
		AADEA3B01F03630F00B2DB84 /* IFlyTestTests.swift in Sources */ = {isa = PBXBuildFile; fileRef = AADEA3AF1F03630F00B2DB84 /* IFlyTestTests.swift */; };
		AADEA3BB1F03630F00B2DB84 /* IFlyTestUITests.swift in Sources */ = {isa = PBXBuildFile; fileRef = AADEA3BA1F03630F00B2DB84 /* IFlyTestUITests.swift */; };
		F5630F4ADCF3E790B9E8C33D /* Pods_IFlyTest.framework in Frameworks */ = {isa = PBXBuildFile; fileRef = E614649F6BD9D67850B3991E /* Pods_IFlyTest.framework */; };
/* End PBXBuildFile section */

/* Begin PBXContainerItemProxy section */
		AADEA3AC1F03630F00B2DB84 /* PBXContainerItemProxy */ = {
			isa = PBXContainerItemProxy;
			containerPortal = AADEA38F1F03630F00B2DB84 /* Project object */;
			proxyType = 1;
			remoteGlobalIDString = AADEA3961F03630F00B2DB84;
			remoteInfo = IFlyTest;
		};
		AADEA3B71F03630F00B2DB84 /* PBXContainerItemProxy */ = {
			isa = PBXContainerItemProxy;
			containerPortal = AADEA38F1F03630F00B2DB84 /* Project object */;
			proxyType = 1;
			remoteGlobalIDString = AADEA3961F03630F00B2DB84;
			remoteInfo = IFlyTest;
		};
/* End PBXContainerItemProxy section */

/* Begin PBXFileReference section */
		5D2EEF2D1F08EF1A00F0268A /* iflyMSC.framework */ = {isa = PBXFileReference; lastKnownFileType = wrapper.framework; path = iflyMSC.framework; sourceTree = "<group>"; };
		5D2EEF2F1F08F6DB00F0268A /* SpeechRecognizerHandleView.swift */ = {isa = PBXFileReference; fileEncoding = 4; lastKnownFileType = sourcecode.swift; path = SpeechRecognizerHandleView.swift; sourceTree = "<group>"; };
		7E72683266DA42E4944CAE55 /* Pods-IFlyTest.debug.xcconfig */ = {isa = PBXFileReference; includeInIndex = 1; lastKnownFileType = text.xcconfig; name = "Pods-IFlyTest.debug.xcconfig"; path = "Pods/Target Support Files/Pods-IFlyTest/Pods-IFlyTest.debug.xcconfig"; sourceTree = "<group>"; };
		A3E645ADFADC2C7D37137370 /* Pods-IFlyTest.release.xcconfig */ = {isa = PBXFileReference; includeInIndex = 1; lastKnownFileType = text.xcconfig; name = "Pods-IFlyTest.release.xcconfig"; path = "Pods/Target Support Files/Pods-IFlyTest/Pods-IFlyTest.release.xcconfig"; sourceTree = "<group>"; };
		AA13A2361F0D028000C7EC6B /* wave.bundle */ = {isa = PBXFileReference; lastKnownFileType = "wrapper.plug-in"; path = wave.bundle; sourceTree = "<group>"; };
		AA9A7D261F03642D007CF3A0 /* libz.tbd */ = {isa = PBXFileReference; lastKnownFileType = "sourcecode.text-based-dylib-definition"; name = libz.tbd; path = usr/lib/libz.tbd; sourceTree = SDKROOT; };
		AA9A7D281F036436007CF3A0 /* AVFoundation.framework */ = {isa = PBXFileReference; lastKnownFileType = wrapper.framework; name = AVFoundation.framework; path = System/Library/Frameworks/AVFoundation.framework; sourceTree = SDKROOT; };
		AA9A7D2A1F03643F007CF3A0 /* SystemConfiguration.framework */ = {isa = PBXFileReference; lastKnownFileType = wrapper.framework; name = SystemConfiguration.framework; path = System/Library/Frameworks/SystemConfiguration.framework; sourceTree = SDKROOT; };
		AA9A7D2C1F036449007CF3A0 /* Foundation.framework */ = {isa = PBXFileReference; lastKnownFileType = wrapper.framework; name = Foundation.framework; path = System/Library/Frameworks/Foundation.framework; sourceTree = SDKROOT; };
		AA9A7D2E1F03645D007CF3A0 /* CoreTelephony.framework */ = {isa = PBXFileReference; lastKnownFileType = wrapper.framework; name = CoreTelephony.framework; path = System/Library/Frameworks/CoreTelephony.framework; sourceTree = SDKROOT; };
		AA9A7D301F036470007CF3A0 /* AudioToolbox.framework */ = {isa = PBXFileReference; lastKnownFileType = wrapper.framework; name = AudioToolbox.framework; path = System/Library/Frameworks/AudioToolbox.framework; sourceTree = SDKROOT; };
		AA9A7D321F036479007CF3A0 /* UIKit.framework */ = {isa = PBXFileReference; lastKnownFileType = wrapper.framework; name = UIKit.framework; path = System/Library/Frameworks/UIKit.framework; sourceTree = SDKROOT; };
		AA9A7D341F036482007CF3A0 /* CoreLocation.framework */ = {isa = PBXFileReference; lastKnownFileType = wrapper.framework; name = CoreLocation.framework; path = System/Library/Frameworks/CoreLocation.framework; sourceTree = SDKROOT; };
		AA9A7D361F036494007CF3A0 /* Contacts.framework */ = {isa = PBXFileReference; lastKnownFileType = wrapper.framework; name = Contacts.framework; path = System/Library/Frameworks/Contacts.framework; sourceTree = SDKROOT; };
		AA9A7D381F03649D007CF3A0 /* AddressBook.framework */ = {isa = PBXFileReference; lastKnownFileType = wrapper.framework; name = AddressBook.framework; path = System/Library/Frameworks/AddressBook.framework; sourceTree = SDKROOT; };
		AA9A7D3A1F0364A5007CF3A0 /* QuartzCore.framework */ = {isa = PBXFileReference; lastKnownFileType = wrapper.framework; name = QuartzCore.framework; path = System/Library/Frameworks/QuartzCore.framework; sourceTree = SDKROOT; };
		AA9A7D3C1F0364B9007CF3A0 /* libc++.tbd */ = {isa = PBXFileReference; lastKnownFileType = "sourcecode.text-based-dylib-definition"; name = "libc++.tbd"; path = "usr/lib/libc++.tbd"; sourceTree = SDKROOT; };
		AA9A7D3E1F0364C3007CF3A0 /* libicucore.tbd */ = {isa = PBXFileReference; lastKnownFileType = "sourcecode.text-based-dylib-definition"; name = libicucore.tbd; path = usr/lib/libicucore.tbd; sourceTree = SDKROOT; };
		AA9A7D411F0381C7007CF3A0 /* IFlyTest_Bridge.h */ = {isa = PBXFileReference; lastKnownFileType = sourcecode.c.h; path = IFlyTest_Bridge.h; sourceTree = SOURCE_ROOT; };
		AA9A7D451F039EE4007CF3A0 /* SpeechProtocol.swift */ = {isa = PBXFileReference; fileEncoding = 4; lastKnownFileType = sourcecode.swift; path = SpeechProtocol.swift; sourceTree = "<group>"; };
		AA9A7D471F06411E007CF3A0 /* SpeechRecognizerBar.swift */ = {isa = PBXFileReference; fileEncoding = 4; lastKnownFileType = sourcecode.swift; path = SpeechRecognizerBar.swift; sourceTree = "<group>"; };
		AA9A7D491F0A2631007CF3A0 /* UIView+Hub.swift */ = {isa = PBXFileReference; fileEncoding = 4; lastKnownFileType = sourcecode.swift; path = "UIView+Hub.swift"; sourceTree = "<group>"; };
		AA9A7D4B1F0A297B007CF3A0 /* preloader.bundle */ = {isa = PBXFileReference; lastKnownFileType = "wrapper.plug-in"; path = preloader.bundle; sourceTree = "<group>"; };
		AA9A7D4D1F0A4A3E007CF3A0 /* GCDExtension.swift */ = {isa = PBXFileReference; fileEncoding = 4; lastKnownFileType = sourcecode.swift; path = GCDExtension.swift; sourceTree = "<group>"; };
		AA9A7D4F1F0B7312007CF3A0 /* SpeechRecognizerAdapter.swift */ = {isa = PBXFileReference; fileEncoding = 4; lastKnownFileType = sourcecode.swift; path = SpeechRecognizerAdapter.swift; sourceTree = "<group>"; };
		AADEA3971F03630F00B2DB84 /* IFlyTest.app */ = {isa = PBXFileReference; explicitFileType = wrapper.application; includeInIndex = 0; path = IFlyTest.app; sourceTree = BUILT_PRODUCTS_DIR; };
		AADEA39A1F03630F00B2DB84 /* AppDelegate.swift */ = {isa = PBXFileReference; lastKnownFileType = sourcecode.swift; path = AppDelegate.swift; sourceTree = "<group>"; };
		AADEA39C1F03630F00B2DB84 /* ViewController.swift */ = {isa = PBXFileReference; lastKnownFileType = sourcecode.swift; path = ViewController.swift; sourceTree = "<group>"; };
		AADEA39F1F03630F00B2DB84 /* Base */ = {isa = PBXFileReference; lastKnownFileType = file.storyboard; name = Base; path = Base.lproj/Main.storyboard; sourceTree = "<group>"; };
		AADEA3A11F03630F00B2DB84 /* Assets.xcassets */ = {isa = PBXFileReference; lastKnownFileType = folder.assetcatalog; path = Assets.xcassets; sourceTree = "<group>"; };
		AADEA3A41F03630F00B2DB84 /* Base */ = {isa = PBXFileReference; lastKnownFileType = file.storyboard; name = Base; path = Base.lproj/LaunchScreen.storyboard; sourceTree = "<group>"; };
		AADEA3A61F03630F00B2DB84 /* Info.plist */ = {isa = PBXFileReference; lastKnownFileType = text.plist.xml; path = Info.plist; sourceTree = "<group>"; };
		AADEA3AB1F03630F00B2DB84 /* IFlyTestTests.xctest */ = {isa = PBXFileReference; explicitFileType = wrapper.cfbundle; includeInIndex = 0; path = IFlyTestTests.xctest; sourceTree = BUILT_PRODUCTS_DIR; };
		AADEA3AF1F03630F00B2DB84 /* IFlyTestTests.swift */ = {isa = PBXFileReference; lastKnownFileType = sourcecode.swift; path = IFlyTestTests.swift; sourceTree = "<group>"; };
		AADEA3B11F03630F00B2DB84 /* Info.plist */ = {isa = PBXFileReference; lastKnownFileType = text.plist.xml; path = Info.plist; sourceTree = "<group>"; };
		AADEA3B61F03630F00B2DB84 /* IFlyTestUITests.xctest */ = {isa = PBXFileReference; explicitFileType = wrapper.cfbundle; includeInIndex = 0; path = IFlyTestUITests.xctest; sourceTree = BUILT_PRODUCTS_DIR; };
		AADEA3BA1F03630F00B2DB84 /* IFlyTestUITests.swift */ = {isa = PBXFileReference; lastKnownFileType = sourcecode.swift; path = IFlyTestUITests.swift; sourceTree = "<group>"; };
		AADEA3BC1F03630F00B2DB84 /* Info.plist */ = {isa = PBXFileReference; lastKnownFileType = text.plist.xml; path = Info.plist; sourceTree = "<group>"; };
		E614649F6BD9D67850B3991E /* Pods_IFlyTest.framework */ = {isa = PBXFileReference; explicitFileType = wrapper.framework; includeInIndex = 0; path = Pods_IFlyTest.framework; sourceTree = BUILT_PRODUCTS_DIR; };
/* End PBXFileReference section */

/* Begin PBXFrameworksBuildPhase section */
		AADEA3941F03630F00B2DB84 /* Frameworks */ = {
			isa = PBXFrameworksBuildPhase;
			buildActionMask = 2147483647;
			files = (
				AA9A7D3F1F0364C3007CF3A0 /* libicucore.tbd in Frameworks */,
				AA9A7D3D1F0364B9007CF3A0 /* libc++.tbd in Frameworks */,
				AA9A7D3B1F0364A5007CF3A0 /* QuartzCore.framework in Frameworks */,
				AA9A7D391F03649D007CF3A0 /* AddressBook.framework in Frameworks */,
				AA9A7D371F036494007CF3A0 /* Contacts.framework in Frameworks */,
				AA9A7D351F036482007CF3A0 /* CoreLocation.framework in Frameworks */,
				5D2EEF2E1F08EF1A00F0268A /* iflyMSC.framework in Frameworks */,
				AA9A7D331F036479007CF3A0 /* UIKit.framework in Frameworks */,
				AA9A7D311F036470007CF3A0 /* AudioToolbox.framework in Frameworks */,
				AA9A7D2F1F03645D007CF3A0 /* CoreTelephony.framework in Frameworks */,
				AA9A7D2D1F036449007CF3A0 /* Foundation.framework in Frameworks */,
				AA9A7D2B1F03643F007CF3A0 /* SystemConfiguration.framework in Frameworks */,
				AA9A7D291F036436007CF3A0 /* AVFoundation.framework in Frameworks */,
				AA9A7D271F03642D007CF3A0 /* libz.tbd in Frameworks */,
				F5630F4ADCF3E790B9E8C33D /* Pods_IFlyTest.framework in Frameworks */,
			);
			runOnlyForDeploymentPostprocessing = 0;
		};
		AADEA3A81F03630F00B2DB84 /* Frameworks */ = {
			isa = PBXFrameworksBuildPhase;
			buildActionMask = 2147483647;
			files = (
			);
			runOnlyForDeploymentPostprocessing = 0;
		};
		AADEA3B31F03630F00B2DB84 /* Frameworks */ = {
			isa = PBXFrameworksBuildPhase;
			buildActionMask = 2147483647;
			files = (
			);
			runOnlyForDeploymentPostprocessing = 0;
		};
/* End PBXFrameworksBuildPhase section */

/* Begin PBXGroup section */
		84463411BF3091457324657C /* Pods */ = {
			isa = PBXGroup;
			children = (
				7E72683266DA42E4944CAE55 /* Pods-IFlyTest.debug.xcconfig */,
				A3E645ADFADC2C7D37137370 /* Pods-IFlyTest.release.xcconfig */,
			);
			name = Pods;
			sourceTree = "<group>";
		};
		AA9A7D251F03642D007CF3A0 /* Frameworks */ = {
			isa = PBXGroup;
			children = (
				AA9A7D3E1F0364C3007CF3A0 /* libicucore.tbd */,
				AA9A7D3C1F0364B9007CF3A0 /* libc++.tbd */,
				AA9A7D3A1F0364A5007CF3A0 /* QuartzCore.framework */,
				AA9A7D381F03649D007CF3A0 /* AddressBook.framework */,
				AA9A7D361F036494007CF3A0 /* Contacts.framework */,
				AA9A7D341F036482007CF3A0 /* CoreLocation.framework */,
				AA9A7D321F036479007CF3A0 /* UIKit.framework */,
				AA9A7D301F036470007CF3A0 /* AudioToolbox.framework */,
				AA9A7D2E1F03645D007CF3A0 /* CoreTelephony.framework */,
				AA9A7D2C1F036449007CF3A0 /* Foundation.framework */,
				AA9A7D2A1F03643F007CF3A0 /* SystemConfiguration.framework */,
				AA9A7D281F036436007CF3A0 /* AVFoundation.framework */,
				AA9A7D261F03642D007CF3A0 /* libz.tbd */,
				E614649F6BD9D67850B3991E /* Pods_IFlyTest.framework */,
			);
			name = Frameworks;
			sourceTree = "<group>";
		};
		AADEA38E1F03630F00B2DB84 = {
			isa = PBXGroup;
			children = (
				AADEA3991F03630F00B2DB84 /* IFlyTest */,
				AADEA3AE1F03630F00B2DB84 /* IFlyTestTests */,
				AADEA3B91F03630F00B2DB84 /* IFlyTestUITests */,
				AADEA3981F03630F00B2DB84 /* Products */,
				AA9A7D251F03642D007CF3A0 /* Frameworks */,
				84463411BF3091457324657C /* Pods */,
			);
			sourceTree = "<group>";
		};
		AADEA3981F03630F00B2DB84 /* Products */ = {
			isa = PBXGroup;
			children = (
				AADEA3971F03630F00B2DB84 /* IFlyTest.app */,
				AADEA3AB1F03630F00B2DB84 /* IFlyTestTests.xctest */,
				AADEA3B61F03630F00B2DB84 /* IFlyTestUITests.xctest */,
			);
			name = Products;
			sourceTree = "<group>";
		};
		AADEA3991F03630F00B2DB84 /* IFlyTest */ = {
			isa = PBXGroup;
			children = (
				AA9A7D4D1F0A4A3E007CF3A0 /* GCDExtension.swift */,
				AA9A7D411F0381C7007CF3A0 /* IFlyTest_Bridge.h */,
				AADEA39A1F03630F00B2DB84 /* AppDelegate.swift */,
				AADEA39C1F03630F00B2DB84 /* ViewController.swift */,
				AA9A7D451F039EE4007CF3A0 /* SpeechProtocol.swift */,
				AA9A7D4F1F0B7312007CF3A0 /* SpeechRecognizerAdapter.swift */,
				AA9A7D471F06411E007CF3A0 /* SpeechRecognizerBar.swift */,
				5D2EEF2F1F08F6DB00F0268A /* SpeechRecognizerHandleView.swift */,
				AA9A7D491F0A2631007CF3A0 /* UIView+Hub.swift */,
				AADEA39E1F03630F00B2DB84 /* Main.storyboard */,
				AADEA3A11F03630F00B2DB84 /* Assets.xcassets */,
				AADEA3A31F03630F00B2DB84 /* LaunchScreen.storyboard */,
				AADEA3A61F03630F00B2DB84 /* Info.plist */,
				AA13A2361F0D028000C7EC6B /* wave.bundle */,
				AA9A7D4B1F0A297B007CF3A0 /* preloader.bundle */,
				5D2EEF2D1F08EF1A00F0268A /* iflyMSC.framework */,
			);
			path = IFlyTest;
			sourceTree = "<group>";
		};
		AADEA3AE1F03630F00B2DB84 /* IFlyTestTests */ = {
			isa = PBXGroup;
			children = (
				AADEA3AF1F03630F00B2DB84 /* IFlyTestTests.swift */,
				AADEA3B11F03630F00B2DB84 /* Info.plist */,
			);
			path = IFlyTestTests;
			sourceTree = "<group>";
		};
		AADEA3B91F03630F00B2DB84 /* IFlyTestUITests */ = {
			isa = PBXGroup;
			children = (
				AADEA3BA1F03630F00B2DB84 /* IFlyTestUITests.swift */,
				AADEA3BC1F03630F00B2DB84 /* Info.plist */,
			);
			path = IFlyTestUITests;
			sourceTree = "<group>";
		};
/* End PBXGroup section */

/* Begin PBXNativeTarget section */
		AADEA3961F03630F00B2DB84 /* IFlyTest */ = {
			isa = PBXNativeTarget;
			buildConfigurationList = AADEA3BF1F03630F00B2DB84 /* Build configuration list for PBXNativeTarget "IFlyTest" */;
			buildPhases = (
				13E921F73603D00B93841A5B /* [CP] Check Pods Manifest.lock */,
				AADEA3931F03630F00B2DB84 /* Sources */,
				AADEA3941F03630F00B2DB84 /* Frameworks */,
				AADEA3951F03630F00B2DB84 /* Resources */,
				AF13FB20CF0F4BDDF15EB32A /* [CP] Embed Pods Frameworks */,
				E06F59545BC67A7AC54CEACD /* [CP] Copy Pods Resources */,
			);
			buildRules = (
			);
			dependencies = (
			);
			name = IFlyTest;
			productName = IFlyTest;
			productReference = AADEA3971F03630F00B2DB84 /* IFlyTest.app */;
			productType = "com.apple.product-type.application";
		};
		AADEA3AA1F03630F00B2DB84 /* IFlyTestTests */ = {
			isa = PBXNativeTarget;
			buildConfigurationList = AADEA3C21F03630F00B2DB84 /* Build configuration list for PBXNativeTarget "IFlyTestTests" */;
			buildPhases = (
				AADEA3A71F03630F00B2DB84 /* Sources */,
				AADEA3A81F03630F00B2DB84 /* Frameworks */,
				AADEA3A91F03630F00B2DB84 /* Resources */,
			);
			buildRules = (
			);
			dependencies = (
				AADEA3AD1F03630F00B2DB84 /* PBXTargetDependency */,
			);
			name = IFlyTestTests;
			productName = IFlyTestTests;
			productReference = AADEA3AB1F03630F00B2DB84 /* IFlyTestTests.xctest */;
			productType = "com.apple.product-type.bundle.unit-test";
		};
		AADEA3B51F03630F00B2DB84 /* IFlyTestUITests */ = {
			isa = PBXNativeTarget;
			buildConfigurationList = AADEA3C51F03630F00B2DB84 /* Build configuration list for PBXNativeTarget "IFlyTestUITests" */;
			buildPhases = (
				AADEA3B21F03630F00B2DB84 /* Sources */,
				AADEA3B31F03630F00B2DB84 /* Frameworks */,
				AADEA3B41F03630F00B2DB84 /* Resources */,
			);
			buildRules = (
			);
			dependencies = (
				AADEA3B81F03630F00B2DB84 /* PBXTargetDependency */,
			);
			name = IFlyTestUITests;
			productName = IFlyTestUITests;
			productReference = AADEA3B61F03630F00B2DB84 /* IFlyTestUITests.xctest */;
			productType = "com.apple.product-type.bundle.ui-testing";
		};
/* End PBXNativeTarget section */

/* Begin PBXProject section */
		AADEA38F1F03630F00B2DB84 /* Project object */ = {
			isa = PBXProject;
			attributes = {
				LastSwiftUpdateCheck = 0830;
				LastUpgradeCheck = 0830;
				ORGANIZATIONNAME = Jake;
				TargetAttributes = {
					AADEA3961F03630F00B2DB84 = {
						CreatedOnToolsVersion = 8.3.2;
						DevelopmentTeam = L2E96H9FSJ;
						LastSwiftMigration = 0830;
						ProvisioningStyle = Automatic;
					};
					AADEA3AA1F03630F00B2DB84 = {
						CreatedOnToolsVersion = 8.3.2;
						DevelopmentTeam = L2E96H9FSJ;
						ProvisioningStyle = Automatic;
						TestTargetID = AADEA3961F03630F00B2DB84;
					};
					AADEA3B51F03630F00B2DB84 = {
						CreatedOnToolsVersion = 8.3.2;
						DevelopmentTeam = L2E96H9FSJ;
						ProvisioningStyle = Automatic;
						TestTargetID = AADEA3961F03630F00B2DB84;
					};
				};
			};
			buildConfigurationList = AADEA3921F03630F00B2DB84 /* Build configuration list for PBXProject "IFlyTest" */;
			compatibilityVersion = "Xcode 3.2";
			developmentRegion = English;
			hasScannedForEncodings = 0;
			knownRegions = (
				en,
				Base,
			);
			mainGroup = AADEA38E1F03630F00B2DB84;
			productRefGroup = AADEA3981F03630F00B2DB84 /* Products */;
			projectDirPath = "";
			projectRoot = "";
			targets = (
				AADEA3961F03630F00B2DB84 /* IFlyTest */,
				AADEA3AA1F03630F00B2DB84 /* IFlyTestTests */,
				AADEA3B51F03630F00B2DB84 /* IFlyTestUITests */,
			);
		};
/* End PBXProject section */

/* Begin PBXResourcesBuildPhase section */
		AADEA3951F03630F00B2DB84 /* Resources */ = {
			isa = PBXResourcesBuildPhase;
			buildActionMask = 2147483647;
			files = (
				AADEA3A51F03630F00B2DB84 /* LaunchScreen.storyboard in Resources */,
				AADEA3A21F03630F00B2DB84 /* Assets.xcassets in Resources */,
				AA9A7D4C1F0A297B007CF3A0 /* preloader.bundle in Resources */,
				AADEA3A01F03630F00B2DB84 /* Main.storyboard in Resources */,
				AA13A2371F0D028000C7EC6B /* wave.bundle in Resources */,
			);
			runOnlyForDeploymentPostprocessing = 0;
		};
		AADEA3A91F03630F00B2DB84 /* Resources */ = {
			isa = PBXResourcesBuildPhase;
			buildActionMask = 2147483647;
			files = (
			);
			runOnlyForDeploymentPostprocessing = 0;
		};
		AADEA3B41F03630F00B2DB84 /* Resources */ = {
			isa = PBXResourcesBuildPhase;
			buildActionMask = 2147483647;
			files = (
			);
			runOnlyForDeploymentPostprocessing = 0;
		};
/* End PBXResourcesBuildPhase section */

/* Begin PBXShellScriptBuildPhase section */
		13E921F73603D00B93841A5B /* [CP] Check Pods Manifest.lock */ = {
			isa = PBXShellScriptBuildPhase;
			buildActionMask = 2147483647;
			files = (
			);
			inputPaths = (
			);
			name = "[CP] Check Pods Manifest.lock";
			outputPaths = (
			);
			runOnlyForDeploymentPostprocessing = 0;
			shellPath = /bin/sh;
			shellScript = "diff \"${PODS_PODFILE_DIR_PATH}/Podfile.lock\" \"${PODS_ROOT}/Manifest.lock\" > /dev/null\nif [ $? != 0 ] ; then\n    # print error to STDERR\n    echo \"error: The sandbox is not in sync with the Podfile.lock. Run 'pod install' or update your CocoaPods installation.\" >&2\n    exit 1\nfi\n";
			showEnvVarsInLog = 0;
		};
		AF13FB20CF0F4BDDF15EB32A /* [CP] Embed Pods Frameworks */ = {
			isa = PBXShellScriptBuildPhase;
			buildActionMask = 2147483647;
			files = (
			);
			inputPaths = (
			);
			name = "[CP] Embed Pods Frameworks";
			outputPaths = (
			);
			runOnlyForDeploymentPostprocessing = 0;
			shellPath = /bin/sh;
			shellScript = "\"${SRCROOT}/Pods/Target Support Files/Pods-IFlyTest/Pods-IFlyTest-frameworks.sh\"\n";
			showEnvVarsInLog = 0;
		};
		E06F59545BC67A7AC54CEACD /* [CP] Copy Pods Resources */ = {
			isa = PBXShellScriptBuildPhase;
			buildActionMask = 2147483647;
			files = (
			);
			inputPaths = (
			);
			name = "[CP] Copy Pods Resources";
			outputPaths = (
			);
			runOnlyForDeploymentPostprocessing = 0;
			shellPath = /bin/sh;
			shellScript = "\"${SRCROOT}/Pods/Target Support Files/Pods-IFlyTest/Pods-IFlyTest-resources.sh\"\n";
			showEnvVarsInLog = 0;
		};
/* End PBXShellScriptBuildPhase section */

/* Begin PBXSourcesBuildPhase section */
		AADEA3931F03630F00B2DB84 /* Sources */ = {
			isa = PBXSourcesBuildPhase;
			buildActionMask = 2147483647;
			files = (
				5D2EEF301F08F6DB00F0268A /* SpeechRecognizerHandleView.swift in Sources */,
				AA9A7D501F0B7313007CF3A0 /* SpeechRecognizerAdapter.swift in Sources */,
				AA9A7D461F039EE4007CF3A0 /* SpeechProtocol.swift in Sources */,
				AA9A7D4A1F0A2631007CF3A0 /* UIView+Hub.swift in Sources */,
				AA9A7D481F06411E007CF3A0 /* SpeechRecognizerBar.swift in Sources */,
				AA9A7D4E1F0A4A3E007CF3A0 /* GCDExtension.swift in Sources */,
				AADEA39D1F03630F00B2DB84 /* ViewController.swift in Sources */,
				AADEA39B1F03630F00B2DB84 /* AppDelegate.swift in Sources */,
			);
			runOnlyForDeploymentPostprocessing = 0;
		};
		AADEA3A71F03630F00B2DB84 /* Sources */ = {
			isa = PBXSourcesBuildPhase;
			buildActionMask = 2147483647;
			files = (
				AADEA3B01F03630F00B2DB84 /* IFlyTestTests.swift in Sources */,
			);
			runOnlyForDeploymentPostprocessing = 0;
		};
		AADEA3B21F03630F00B2DB84 /* Sources */ = {
			isa = PBXSourcesBuildPhase;
			buildActionMask = 2147483647;
			files = (
				AADEA3BB1F03630F00B2DB84 /* IFlyTestUITests.swift in Sources */,
			);
			runOnlyForDeploymentPostprocessing = 0;
		};
/* End PBXSourcesBuildPhase section */

/* Begin PBXTargetDependency section */
		AADEA3AD1F03630F00B2DB84 /* PBXTargetDependency */ = {
			isa = PBXTargetDependency;
			target = AADEA3961F03630F00B2DB84 /* IFlyTest */;
			targetProxy = AADEA3AC1F03630F00B2DB84 /* PBXContainerItemProxy */;
		};
		AADEA3B81F03630F00B2DB84 /* PBXTargetDependency */ = {
			isa = PBXTargetDependency;
			target = AADEA3961F03630F00B2DB84 /* IFlyTest */;
			targetProxy = AADEA3B71F03630F00B2DB84 /* PBXContainerItemProxy */;
		};
/* End PBXTargetDependency section */

/* Begin PBXVariantGroup section */
		AADEA39E1F03630F00B2DB84 /* Main.storyboard */ = {
			isa = PBXVariantGroup;
			children = (
				AADEA39F1F03630F00B2DB84 /* Base */,
			);
			name = Main.storyboard;
			sourceTree = "<group>";
		};
		AADEA3A31F03630F00B2DB84 /* LaunchScreen.storyboard */ = {
			isa = PBXVariantGroup;
			children = (
				AADEA3A41F03630F00B2DB84 /* Base */,
			);
			name = LaunchScreen.storyboard;
			sourceTree = "<group>";
		};
/* End PBXVariantGroup section */

/* Begin XCBuildConfiguration section */
		AADEA3BD1F03630F00B2DB84 /* Debug */ = {
			isa = XCBuildConfiguration;
			buildSettings = {
				ALWAYS_SEARCH_USER_PATHS = NO;
				CLANG_ANALYZER_NONNULL = YES;
				CLANG_ANALYZER_NUMBER_OBJECT_CONVERSION = YES_AGGRESSIVE;
				CLANG_CXX_LANGUAGE_STANDARD = "gnu++0x";
				CLANG_CXX_LIBRARY = "libc++";
				CLANG_ENABLE_MODULES = YES;
				CLANG_ENABLE_OBJC_ARC = YES;
				CLANG_WARN_BOOL_CONVERSION = YES;
				CLANG_WARN_CONSTANT_CONVERSION = YES;
				CLANG_WARN_DIRECT_OBJC_ISA_USAGE = YES_ERROR;
				CLANG_WARN_DOCUMENTATION_COMMENTS = YES;
				CLANG_WARN_EMPTY_BODY = YES;
				CLANG_WARN_ENUM_CONVERSION = YES;
				CLANG_WARN_INFINITE_RECURSION = YES;
				CLANG_WARN_INT_CONVERSION = YES;
				CLANG_WARN_OBJC_ROOT_CLASS = YES_ERROR;
				CLANG_WARN_SUSPICIOUS_MOVE = YES;
				CLANG_WARN_UNREACHABLE_CODE = YES;
				CLANG_WARN__DUPLICATE_METHOD_MATCH = YES;
				"CODE_SIGN_IDENTITY[sdk=iphoneos*]" = "iPhone Developer";
				COPY_PHASE_STRIP = NO;
				DEBUG_INFORMATION_FORMAT = dwarf;
				ENABLE_STRICT_OBJC_MSGSEND = YES;
				ENABLE_TESTABILITY = YES;
				GCC_C_LANGUAGE_STANDARD = gnu99;
				GCC_DYNAMIC_NO_PIC = NO;
				GCC_NO_COMMON_BLOCKS = YES;
				GCC_OPTIMIZATION_LEVEL = 0;
				GCC_PREPROCESSOR_DEFINITIONS = (
					"DEBUG=1",
					"$(inherited)",
				);
				GCC_WARN_64_TO_32_BIT_CONVERSION = YES;
				GCC_WARN_ABOUT_RETURN_TYPE = YES_ERROR;
				GCC_WARN_UNDECLARED_SELECTOR = YES;
				GCC_WARN_UNINITIALIZED_AUTOS = YES_AGGRESSIVE;
				GCC_WARN_UNUSED_FUNCTION = YES;
				GCC_WARN_UNUSED_VARIABLE = YES;
				IPHONEOS_DEPLOYMENT_TARGET = 10.3;
				MTL_ENABLE_DEBUG_INFO = YES;
				ONLY_ACTIVE_ARCH = YES;
				SDKROOT = iphoneos;
				SWIFT_ACTIVE_COMPILATION_CONDITIONS = DEBUG;
				SWIFT_OBJC_BRIDGING_HEADER = IFlyTest_Bridge.h;
				SWIFT_OPTIMIZATION_LEVEL = "-Onone";
				TARGETED_DEVICE_FAMILY = "1,2";
			};
			name = Debug;
		};
		AADEA3BE1F03630F00B2DB84 /* Release */ = {
			isa = XCBuildConfiguration;
			buildSettings = {
				ALWAYS_SEARCH_USER_PATHS = NO;
				CLANG_ANALYZER_NONNULL = YES;
				CLANG_ANALYZER_NUMBER_OBJECT_CONVERSION = YES_AGGRESSIVE;
				CLANG_CXX_LANGUAGE_STANDARD = "gnu++0x";
				CLANG_CXX_LIBRARY = "libc++";
				CLANG_ENABLE_MODULES = YES;
				CLANG_ENABLE_OBJC_ARC = YES;
				CLANG_WARN_BOOL_CONVERSION = YES;
				CLANG_WARN_CONSTANT_CONVERSION = YES;
				CLANG_WARN_DIRECT_OBJC_ISA_USAGE = YES_ERROR;
				CLANG_WARN_DOCUMENTATION_COMMENTS = YES;
				CLANG_WARN_EMPTY_BODY = YES;
				CLANG_WARN_ENUM_CONVERSION = YES;
				CLANG_WARN_INFINITE_RECURSION = YES;
				CLANG_WARN_INT_CONVERSION = YES;
				CLANG_WARN_OBJC_ROOT_CLASS = YES_ERROR;
				CLANG_WARN_SUSPICIOUS_MOVE = YES;
				CLANG_WARN_UNREACHABLE_CODE = YES;
				CLANG_WARN__DUPLICATE_METHOD_MATCH = YES;
				"CODE_SIGN_IDENTITY[sdk=iphoneos*]" = "iPhone Developer";
				COPY_PHASE_STRIP = NO;
				DEBUG_INFORMATION_FORMAT = "dwarf-with-dsym";
				ENABLE_NS_ASSERTIONS = NO;
				ENABLE_STRICT_OBJC_MSGSEND = YES;
				GCC_C_LANGUAGE_STANDARD = gnu99;
				GCC_NO_COMMON_BLOCKS = YES;
				GCC_WARN_64_TO_32_BIT_CONVERSION = YES;
				GCC_WARN_ABOUT_RETURN_TYPE = YES_ERROR;
				GCC_WARN_UNDECLARED_SELECTOR = YES;
				GCC_WARN_UNINITIALIZED_AUTOS = YES_AGGRESSIVE;
				GCC_WARN_UNUSED_FUNCTION = YES;
				GCC_WARN_UNUSED_VARIABLE = YES;
				IPHONEOS_DEPLOYMENT_TARGET = 10.3;
				MTL_ENABLE_DEBUG_INFO = NO;
				SDKROOT = iphoneos;
				SWIFT_OBJC_BRIDGING_HEADER = IFlyTest_Bridge.h;
				SWIFT_OPTIMIZATION_LEVEL = "-Owholemodule";
				TARGETED_DEVICE_FAMILY = "1,2";
				VALIDATE_PRODUCT = YES;
			};
			name = Release;
		};
		AADEA3C01F03630F00B2DB84 /* Debug */ = {
			isa = XCBuildConfiguration;
			baseConfigurationReference = 7E72683266DA42E4944CAE55 /* Pods-IFlyTest.debug.xcconfig */;
			buildSettings = {
				ASSETCATALOG_COMPILER_APPICON_NAME = AppIcon;
				CLANG_ENABLE_MODULES = YES;
				DEVELOPMENT_TEAM = L2E96H9FSJ;
				ENABLE_BITCODE = NO;
				FRAMEWORK_SEARCH_PATHS = (
					"$(inherited)",
					"$(PROJECT_DIR)/IFlyTest",
				);
				INFOPLIST_FILE = IFlyTest/Info.plist;
				LD_RUNPATH_SEARCH_PATHS = "$(inherited) @executable_path/Frameworks";
				PRODUCT_BUNDLE_IDENTIFIER = com.ssj.www.IFlyTest;
				PRODUCT_NAME = "$(TARGET_NAME)";
				SWIFT_OPTIMIZATION_LEVEL = "-Onone";
				SWIFT_VERSION = 3.0;
			};
			name = Debug;
		};
		AADEA3C11F03630F00B2DB84 /* Release */ = {
			isa = XCBuildConfiguration;
			baseConfigurationReference = A3E645ADFADC2C7D37137370 /* Pods-IFlyTest.release.xcconfig */;
			buildSettings = {
				ASSETCATALOG_COMPILER_APPICON_NAME = AppIcon;
				CLANG_ENABLE_MODULES = YES;
				DEVELOPMENT_TEAM = L2E96H9FSJ;
				ENABLE_BITCODE = NO;
				FRAMEWORK_SEARCH_PATHS = (
					"$(inherited)",
					"$(PROJECT_DIR)/IFlyTest",
				);
				INFOPLIST_FILE = IFlyTest/Info.plist;
				LD_RUNPATH_SEARCH_PATHS = "$(inherited) @executable_path/Frameworks";
				PRODUCT_BUNDLE_IDENTIFIER = com.ssj.www.IFlyTest;
				PRODUCT_NAME = "$(TARGET_NAME)";
				SWIFT_VERSION = 3.0;
			};
			name = Release;
		};
		AADEA3C31F03630F00B2DB84 /* Debug */ = {
			isa = XCBuildConfiguration;
			buildSettings = {
				ALWAYS_EMBED_SWIFT_STANDARD_LIBRARIES = YES;
				BUNDLE_LOADER = "$(TEST_HOST)";
				DEVELOPMENT_TEAM = L2E96H9FSJ;
				INFOPLIST_FILE = IFlyTestTests/Info.plist;
				LD_RUNPATH_SEARCH_PATHS = "$(inherited) @executable_path/Frameworks @loader_path/Frameworks";
				PRODUCT_BUNDLE_IDENTIFIER = com.ssj.www.IFlyTestTests;
				PRODUCT_NAME = "$(TARGET_NAME)";
				SWIFT_VERSION = 3.0;
				TEST_HOST = "$(BUILT_PRODUCTS_DIR)/IFlyTest.app/IFlyTest";
			};
			name = Debug;
		};
		AADEA3C41F03630F00B2DB84 /* Release */ = {
			isa = XCBuildConfiguration;
			buildSettings = {
				ALWAYS_EMBED_SWIFT_STANDARD_LIBRARIES = YES;
				BUNDLE_LOADER = "$(TEST_HOST)";
				DEVELOPMENT_TEAM = L2E96H9FSJ;
				INFOPLIST_FILE = IFlyTestTests/Info.plist;
				LD_RUNPATH_SEARCH_PATHS = "$(inherited) @executable_path/Frameworks @loader_path/Frameworks";
				PRODUCT_BUNDLE_IDENTIFIER = com.ssj.www.IFlyTestTests;
				PRODUCT_NAME = "$(TARGET_NAME)";
				SWIFT_VERSION = 3.0;
				TEST_HOST = "$(BUILT_PRODUCTS_DIR)/IFlyTest.app/IFlyTest";
			};
			name = Release;
		};
		AADEA3C61F03630F00B2DB84 /* Debug */ = {
			isa = XCBuildConfiguration;
			buildSettings = {
				ALWAYS_EMBED_SWIFT_STANDARD_LIBRARIES = YES;
				DEVELOPMENT_TEAM = L2E96H9FSJ;
				INFOPLIST_FILE = IFlyTestUITests/Info.plist;
				LD_RUNPATH_SEARCH_PATHS = "$(inherited) @executable_path/Frameworks @loader_path/Frameworks";
				PRODUCT_BUNDLE_IDENTIFIER = com.ssj.www.IFlyTestUITests;
				PRODUCT_NAME = "$(TARGET_NAME)";
				SWIFT_VERSION = 3.0;
				TEST_TARGET_NAME = IFlyTest;
			};
			name = Debug;
		};
		AADEA3C71F03630F00B2DB84 /* Release */ = {
			isa = XCBuildConfiguration;
			buildSettings = {
				ALWAYS_EMBED_SWIFT_STANDARD_LIBRARIES = YES;
				DEVELOPMENT_TEAM = L2E96H9FSJ;
				INFOPLIST_FILE = IFlyTestUITests/Info.plist;
				LD_RUNPATH_SEARCH_PATHS = "$(inherited) @executable_path/Frameworks @loader_path/Frameworks";
				PRODUCT_BUNDLE_IDENTIFIER = com.ssj.www.IFlyTestUITests;
				PRODUCT_NAME = "$(TARGET_NAME)";
				SWIFT_VERSION = 3.0;
				TEST_TARGET_NAME = IFlyTest;
			};
			name = Release;
		};
/* End XCBuildConfiguration section */

/* Begin XCConfigurationList section */
		AADEA3921F03630F00B2DB84 /* Build configuration list for PBXProject "IFlyTest" */ = {
			isa = XCConfigurationList;
			buildConfigurations = (
				AADEA3BD1F03630F00B2DB84 /* Debug */,
				AADEA3BE1F03630F00B2DB84 /* Release */,
			);
			defaultConfigurationIsVisible = 0;
			defaultConfigurationName = Release;
		};
		AADEA3BF1F03630F00B2DB84 /* Build configuration list for PBXNativeTarget "IFlyTest" */ = {
			isa = XCConfigurationList;
			buildConfigurations = (
				AADEA3C01F03630F00B2DB84 /* Debug */,
				AADEA3C11F03630F00B2DB84 /* Release */,
			);
			defaultConfigurationIsVisible = 0;
			defaultConfigurationName = Release;
		};
		AADEA3C21F03630F00B2DB84 /* Build configuration list for PBXNativeTarget "IFlyTestTests" */ = {
			isa = XCConfigurationList;
			buildConfigurations = (
				AADEA3C31F03630F00B2DB84 /* Debug */,
				AADEA3C41F03630F00B2DB84 /* Release */,
			);
			defaultConfigurationIsVisible = 0;
			defaultConfigurationName = Release;
		};
		AADEA3C51F03630F00B2DB84 /* Build configuration list for PBXNativeTarget "IFlyTestUITests" */ = {
			isa = XCConfigurationList;
			buildConfigurations = (
				AADEA3C61F03630F00B2DB84 /* Debug */,
				AADEA3C71F03630F00B2DB84 /* Release */,
			);
			defaultConfigurationIsVisible = 0;
			defaultConfigurationName = Release;
		};
/* End XCConfigurationList section */
	};
	rootObject = AADEA38F1F03630F00B2DB84 /* Project object */;
}
